{
  "name": "cobscanner",
  "version": "6.9.12",
  "lockfileVersion": 1,
  "requires": true,
  "dependencies": {
    "lzjs": {
      "version": "1.3.0",
      "resolved": "https://registry.npmjs.org/lzjs/-/lzjs-1.3.0.tgz",
      "integrity": "sha1-I1qHqN0LfQj8lwRNkiwzckZiRFg="
    },
    "n-readlines": {
      "version": "1.0.0",
      "resolved": "https://registry.npmjs.org/n-readlines/-/n-readlines-1.0.0.tgz",
      "integrity": "sha512-ISDqGcspVu6U3VKqtJZG1uR55SmNNF9uK0EMq1IvNVVZOui6MW6VR0+pIZhqz85ORAGp+4zW+5fJ/SE7bwEibA=="
    }
  }
}
